
Microsoft Visual Studio Solution File, Format Version 12.00
# Visual Studio Version 17
VisualStudioVersion = 17.3.32929.385
MinimumVisualStudioVersion = 10.0.40219.1
Project("{9A19103F-16F7-4668-BE54-9A1E7A4F7556}") = "WebApplication2", "WebApplication2\WebApplication2.csproj", "{A5FD2925-1D5A-46B6-8F55-F875A57B8C6F}"
EndProject
Global
	GlobalSection(SolutionConfigurationPlatforms) = preSolution
		Debug|Any CPU = Debug|Any CPU
		Release|Any CPU = Release|Any CPU
	EndGlobalSection
	GlobalSection(ProjectConfigurationPlatforms) = postSolution
		{A5FD2925-1D5A-46B6-8F55-F875A57B8C6F}.Debug|Any CPU.ActiveCfg = Debug|Any CPU
		{A5FD2925-1D5A-46B6-8F55-F875A57B8C6F}.Debug|Any CPU.Build.0 = Debug|Any CPU
		{A5FD2925-1D5A-46B6-8F55-F875A57B8C6F}.Release|Any CPU.ActiveCfg = Release|Any CPU
		{A5FD2925-1D5A-46B6-8F55-F875A57B8C6F}.Release|Any CPU.Build.0 = Release|Any CPU
	EndGlobalSection
	GlobalSection(SolutionProperties) = preSolution
		HideSolutionNode = FALSE
	EndGlobalSection
	GlobalSection(ExtensibilityGlobals) = postSolution
		SolutionGuid = {DD52FD90-AD0B-4699-8DC6-E201035D3A94}
	EndGlobalSection
EndGlobal
